// !$*UTF8*$!
{
	archiveVersion = 1;
	classes = {
	};
	objectVersion = 56;
	objects = {

/* Begin PBXBuildFile section */
		955AE47A2B638A8800A66FBC /* ToastParams.swift in Sources */ = {isa = PBXBuildFile; fileRef = 955AE4792B638A8800A66FBC /* ToastParams.swift */; };
		9562456B2B64C61F007CA45C /* PlaygroundViewControllerModel.swift in Sources */ = {isa = PBXBuildFile; fileRef = 9562456A2B64C61F007CA45C /* PlaygroundViewControllerModel.swift */; };
		956BD34D2B42852400E6F6B4 /* AppDelegate.swift in Sources */ = {isa = PBXBuildFile; fileRef = 956BD34C2B42852400E6F6B4 /* AppDelegate.swift */; };
		956BD34F2B42852400E6F6B4 /* SceneDelegate.swift in Sources */ = {isa = PBXBuildFile; fileRef = 956BD34E2B42852400E6F6B4 /* SceneDelegate.swift */; };
		956BD3512B42852400E6F6B4 /* PlaygroundViewController.swift in Sources */ = {isa = PBXBuildFile; fileRef = 956BD3502B42852400E6F6B4 /* PlaygroundViewController.swift */; };
		956BD3542B42852400E6F6B4 /* Main.storyboard in Resources */ = {isa = PBXBuildFile; fileRef = 956BD3522B42852400E6F6B4 /* Main.storyboard */; };
		956BD3562B42852600E6F6B4 /* Assets.xcassets in Resources */ = {isa = PBXBuildFile; fileRef = 956BD3552B42852600E6F6B4 /* Assets.xcassets */; };
		956BD3592B42852600E6F6B4 /* LaunchScreen.storyboard in Resources */ = {isa = PBXBuildFile; fileRef = 956BD3572B42852600E6F6B4 /* LaunchScreen.storyboard */; };
		956BD3642B42868500E6F6B4 /* ToastMaster in Frameworks */ = {isa = PBXBuildFile; productRef = 956BD3632B42868500E6F6B4 /* ToastMaster */; };
/* End PBXBuildFile section */

/* Begin PBXFileReference section */
		955AE4792B638A8800A66FBC /* ToastParams.swift */ = {isa = PBXFileReference; lastKnownFileType = sourcecode.swift; path = ToastParams.swift; sourceTree = "<group>"; };
		9562456A2B64C61F007CA45C /* PlaygroundViewControllerModel.swift */ = {isa = PBXFileReference; lastKnownFileType = sourcecode.swift; path = PlaygroundViewControllerModel.swift; sourceTree = "<group>"; };
		956BD3492B42852400E6F6B4 /* ToastMasterExample.app */ = {isa = PBXFileReference; explicitFileType = wrapper.application; includeInIndex = 0; path = ToastMasterExample.app; sourceTree = BUILT_PRODUCTS_DIR; };
		956BD34C2B42852400E6F6B4 /* AppDelegate.swift */ = {isa = PBXFileReference; lastKnownFileType = sourcecode.swift; path = AppDelegate.swift; sourceTree = "<group>"; };
		956BD34E2B42852400E6F6B4 /* SceneDelegate.swift */ = {isa = PBXFileReference; lastKnownFileType = sourcecode.swift; path = SceneDelegate.swift; sourceTree = "<group>"; };
		956BD3502B42852400E6F6B4 /* PlaygroundViewController.swift */ = {isa = PBXFileReference; lastKnownFileType = sourcecode.swift; path = PlaygroundViewController.swift; sourceTree = "<group>"; };
		956BD3532B42852400E6F6B4 /* Base */ = {isa = PBXFileReference; lastKnownFileType = file.storyboard; name = Base; path = Base.lproj/Main.storyboard; sourceTree = "<group>"; };
		956BD3552B42852600E6F6B4 /* Assets.xcassets */ = {isa = PBXFileReference; lastKnownFileType = folder.assetcatalog; path = Assets.xcassets; sourceTree = "<group>"; };
		956BD3582B42852600E6F6B4 /* Base */ = {isa = PBXFileReference; lastKnownFileType = file.storyboard; name = Base; path = Base.lproj/LaunchScreen.storyboard; sourceTree = "<group>"; };
		956BD35A2B42852600E6F6B4 /* Info.plist */ = {isa = PBXFileReference; lastKnownFileType = text.plist.xml; path = Info.plist; sourceTree = "<group>"; };
		956BD3612B42861800E6F6B4 /* ToastMaster */ = {isa = PBXFileReference; lastKnownFileType = wrapper; name = ToastMaster; path = ..; sourceTree = "<group>"; };
/* End PBXFileReference section */

/* Begin PBXFrameworksBuildPhase section */
		956BD3462B42852400E6F6B4 /* Frameworks */ = {
			isa = PBXFrameworksBuildPhase;
			buildActionMask = 2147483647;
			files = (
				956BD3642B42868500E6F6B4 /* ToastMaster in Frameworks */,
			);
			runOnlyForDeploymentPostprocessing = 0;
		};
/* End PBXFrameworksBuildPhase section */

/* Begin PBXGroup section */
		955AE4762B638A6800A66FBC /* Data */ = {
			isa = PBXGroup;
			children = (
				955AE4792B638A8800A66FBC /* ToastParams.swift */,
			);
			path = Data;
			sourceTree = "<group>";
		};
		955AE4772B638A6F00A66FBC /* Flow */ = {
			isa = PBXGroup;
			children = (
				956BD3502B42852400E6F6B4 /* PlaygroundViewController.swift */,
				9562456A2B64C61F007CA45C /* PlaygroundViewControllerModel.swift */,
			);
			path = Flow;
			sourceTree = "<group>";
		};
		956BD3402B42852400E6F6B4 = {
			isa = PBXGroup;
			children = (
				956BD3602B42861800E6F6B4 /* Packages */,
				956BD34B2B42852400E6F6B4 /* ToastMasterExample */,
				956BD34A2B42852400E6F6B4 /* Products */,
				956BD3622B42868500E6F6B4 /* Frameworks */,
			);
			sourceTree = "<group>";
		};
		956BD34A2B42852400E6F6B4 /* Products */ = {
			isa = PBXGroup;
			children = (
				956BD3492B42852400E6F6B4 /* ToastMasterExample.app */,
			);
			name = Products;
			sourceTree = "<group>";
		};
		956BD34B2B42852400E6F6B4 /* ToastMasterExample */ = {
			isa = PBXGroup;
			children = (
				955AE4772B638A6F00A66FBC /* Flow */,
				955AE4762B638A6800A66FBC /* Data */,
				956BD34C2B42852400E6F6B4 /* AppDelegate.swift */,
				956BD34E2B42852400E6F6B4 /* SceneDelegate.swift */,
				956BD3522B42852400E6F6B4 /* Main.storyboard */,
				956BD3552B42852600E6F6B4 /* Assets.xcassets */,
				956BD3572B42852600E6F6B4 /* LaunchScreen.storyboard */,
				956BD35A2B42852600E6F6B4 /* Info.plist */,
			);
			path = ToastMasterExample;
			sourceTree = "<group>";
		};
		956BD3602B42861800E6F6B4 /* Packages */ = {
			isa = PBXGroup;
			children = (
				956BD3612B42861800E6F6B4 /* ToastMaster */,
			);
			name = Packages;
			sourceTree = "<group>";
		};
		956BD3622B42868500E6F6B4 /* Frameworks */ = {
			isa = PBXGroup;
			children = (
			);
			name = Frameworks;
			sourceTree = "<group>";
		};
/* End PBXGroup section */

/* Begin PBXNativeTarget section */
		956BD3482B42852400E6F6B4 /* ToastMasterExample */ = {
			isa = PBXNativeTarget;
			buildConfigurationList = 956BD35D2B42852600E6F6B4 /* Build configuration list for PBXNativeTarget "ToastMasterExample" */;
			buildPhases = (
				956BD3452B42852400E6F6B4 /* Sources */,
				956BD3462B42852400E6F6B4 /* Frameworks */,
				956BD3472B42852400E6F6B4 /* Resources */,
			);
			buildRules = (
			);
			dependencies = (
			);
			name = ToastMasterExample;
			packageProductDependencies = (
				956BD3632B42868500E6F6B4 /* ToastMaster */,
			);
			productName = ToastMasterExample;
			productReference = 956BD3492B42852400E6F6B4 /* ToastMasterExample.app */;
			productType = "com.apple.product-type.application";
		};
/* End PBXNativeTarget section */

/* Begin PBXProject section */
		956BD3412B42852400E6F6B4 /* Project object */ = {
			isa = PBXProject;
			attributes = {
				BuildIndependentTargetsInParallel = 1;
				LastSwiftUpdateCheck = 1430;
				LastUpgradeCheck = 1430;
				TargetAttributes = {
					956BD3482B42852400E6F6B4 = {
						CreatedOnToolsVersion = 14.3.1;
					};
				};
			};
			buildConfigurationList = 956BD3442B42852400E6F6B4 /* Build configuration list for PBXProject "ToastMasterExample" */;
			compatibilityVersion = "Xcode 14.0";
			developmentRegion = en;
			hasScannedForEncodings = 0;
			knownRegions = (
				en,
				Base,
			);
			mainGroup = 956BD3402B42852400E6F6B4;
			productRefGroup = 956BD34A2B42852400E6F6B4 /* Products */;
			projectDirPath = "";
			projectRoot = "";
			targets = (
				956BD3482B42852400E6F6B4 /* ToastMasterExample */,
			);
		};
/* End PBXProject section */

/* Begin PBXResourcesBuildPhase section */
		956BD3472B42852400E6F6B4 /* Resources */ = {
			isa = PBXResourcesBuildPhase;
			buildActionMask = 2147483647;
			files = (
				956BD3592B42852600E6F6B4 /* LaunchScreen.storyboard in Resources */,
				956BD3562B42852600E6F6B4 /* Assets.xcassets in Resources */,
				956BD3542B42852400E6F6B4 /* Main.storyboard in Resources */,
			);
			runOnlyForDeploymentPostprocessing = 0;
		};
/* End PBXResourcesBuildPhase section */

/* Begin PBXSourcesBuildPhase section */
		956BD3452B42852400E6F6B4 /* Sources */ = {
			isa = PBXSourcesBuildPhase;
			buildActionMask = 2147483647;
			files = (
				956BD3512B42852400E6F6B4 /* PlaygroundViewController.swift in Sources */,
				956BD34D2B42852400E6F6B4 /* AppDelegate.swift in Sources */,
				956BD34F2B42852400E6F6B4 /* SceneDelegate.swift in Sources */,
				9562456B2B64C61F007CA45C /* PlaygroundViewControllerModel.swift in Sources */,
				955AE47A2B638A8800A66FBC /* ToastParams.swift in Sources */,
			);
			runOnlyForDeploymentPostprocessing = 0;
		};
/* End PBXSourcesBuildPhase section */

/* Begin PBXVariantGroup section */
		956BD3522B42852400E6F6B4 /* Main.storyboard */ = {
			isa = PBXVariantGroup;
			children = (
				956BD3532B42852400E6F6B4 /* Base */,
			);
			name = Main.storyboard;
			sourceTree = "<group>";
		};
		956BD3572B42852600E6F6B4 /* LaunchScreen.storyboard */ = {
			isa = PBXVariantGroup;
			children = (
				956BD3582B42852600E6F6B4 /* Base */,
			);
			name = LaunchScreen.storyboard;
			sourceTree = "<group>";
		};
/* End PBXVariantGroup section */

/* Begin XCBuildConfiguration section */
		956BD35B2B42852600E6F6B4 /* Debug */ = {
			isa = XCBuildConfiguration;
			buildSettings = {
				ALWAYS_SEARCH_USER_PATHS = NO;
				CLANG_ANALYZER_NONNULL = YES;
				CLANG_ANALYZER_NUMBER_OBJECT_CONVERSION = YES_AGGRESSIVE;
				CLANG_CXX_LANGUAGE_STANDARD = "gnu++20";
				CLANG_ENABLE_MODULES = YES;
				CLANG_ENABLE_OBJC_ARC = YES;
				CLANG_ENABLE_OBJC_WEAK = YES;
				CLANG_WARN_BLOCK_CAPTURE_AUTORELEASING = YES;
				CLANG_WARN_BOOL_CONVERSION = YES;
				CLANG_WARN_COMMA = YES;
				CLANG_WARN_CONSTANT_CONVERSION = YES;
				CLANG_WARN_DEPRECATED_OBJC_IMPLEMENTATIONS = YES;
				CLANG_WARN_DIRECT_OBJC_ISA_USAGE = YES_ERROR;
				CLANG_WARN_DOCUMENTATION_COMMENTS = YES;
				CLANG_WARN_EMPTY_BODY = YES;
				CLANG_WARN_ENUM_CONVERSION = YES;
				CLANG_WARN_INFINITE_RECURSION = YES;
				CLANG_WARN_INT_CONVERSION = YES;
				CLANG_WARN_NON_LITERAL_NULL_CONVERSION = YES;
				CLANG_WARN_OBJC_IMPLICIT_RETAIN_SELF = YES;
				CLANG_WARN_OBJC_LITERAL_CONVERSION = YES;
				CLANG_WARN_OBJC_ROOT_CLASS = YES_ERROR;
				CLANG_WARN_QUOTED_INCLUDE_IN_FRAMEWORK_HEADER = YES;
				CLANG_WARN_RANGE_LOOP_ANALYSIS = YES;
				CLANG_WARN_STRICT_PROTOTYPES = YES;
				CLANG_WARN_SUSPICIOUS_MOVE = YES;
				CLANG_WARN_UNGUARDED_AVAILABILITY = YES_AGGRESSIVE;
				CLANG_WARN_UNREACHABLE_CODE = YES;
				CLANG_WARN__DUPLICATE_METHOD_MATCH = YES;
				COPY_PHASE_STRIP = NO;
				DEBUG_INFORMATION_FORMAT = dwarf;
				ENABLE_STRICT_OBJC_MSGSEND = YES;
				ENABLE_TESTABILITY = YES;
				GCC_C_LANGUAGE_STANDARD = gnu11;
				GCC_DYNAMIC_NO_PIC = NO;
				GCC_NO_COMMON_BLOCKS = YES;
				GCC_OPTIMIZATION_LEVEL = 0;
				GCC_PREPROCESSOR_DEFINITIONS = (
					"DEBUG=1",
					"$(inherited)",
				);
				GCC_WARN_64_TO_32_BIT_CONVERSION = YES;
				GCC_WARN_ABOUT_RETURN_TYPE = YES_ERROR;
				GCC_WARN_UNDECLARED_SELECTOR = YES;
				GCC_WARN_UNINITIALIZED_AUTOS = YES_AGGRESSIVE;
				GCC_WARN_UNUSED_FUNCTION = YES;
				GCC_WARN_UNUSED_VARIABLE = YES;
				IPHONEOS_DEPLOYMENT_TARGET = 13.0;
				MTL_ENABLE_DEBUG_INFO = INCLUDE_SOURCE;
				MTL_FAST_MATH = YES;
				ONLY_ACTIVE_ARCH = YES;
				SDKROOT = iphoneos;
				SWIFT_ACTIVE_COMPILATION_CONDITIONS = DEBUG;
				SWIFT_OPTIMIZATION_LEVEL = "-Onone";
			};
			name = Debug;
		};
		956BD35C2B42852600E6F6B4 /* Release */ = {
			isa = XCBuildConfiguration;
			buildSettings = {
				ALWAYS_SEARCH_USER_PATHS = NO;
				CLANG_ANALYZER_NONNULL = YES;
				CLANG_ANALYZER_NUMBER_OBJECT_CONVERSION = YES_AGGRESSIVE;
				CLANG_CXX_LANGUAGE_STANDARD = "gnu++20";
				CLANG_ENABLE_MODULES = YES;
				CLANG_ENABLE_OBJC_ARC = YES;
				CLANG_ENABLE_OBJC_WEAK = YES;
				CLANG_WARN_BLOCK_CAPTURE_AUTORELEASING = YES;
				CLANG_WARN_BOOL_CONVERSION = YES;
				CLANG_WARN_COMMA = YES;
				CLANG_WARN_CONSTANT_CONVERSION = YES;
				CLANG_WARN_DEPRECATED_OBJC_IMPLEMENTATIONS = YES;
				CLANG_WARN_DIRECT_OBJC_ISA_USAGE = YES_ERROR;
				CLANG_WARN_DOCUMENTATION_COMMENTS = YES;
				CLANG_WARN_EMPTY_BODY = YES;
				CLANG_WARN_ENUM_CONVERSION = YES;
				CLANG_WARN_INFINITE_RECURSION = YES;
				CLANG_WARN_INT_CONVERSION = YES;
				CLANG_WARN_NON_LITERAL_NULL_CONVERSION = YES;
				CLANG_WARN_OBJC_IMPLICIT_RETAIN_SELF = YES;
				CLANG_WARN_OBJC_LITERAL_CONVERSION = YES;
				CLANG_WARN_OBJC_ROOT_CLASS = YES_ERROR;
				CLANG_WARN_QUOTED_INCLUDE_IN_FRAMEWORK_HEADER = YES;
				CLANG_WARN_RANGE_LOOP_ANALYSIS = YES;
				CLANG_WARN_STRICT_PROTOTYPES = YES;
				CLANG_WARN_SUSPICIOUS_MOVE = YES;
				CLANG_WARN_UNGUARDED_AVAILABILITY = YES_AGGRESSIVE;
				CLANG_WARN_UNREACHABLE_CODE = YES;
				CLANG_WARN__DUPLICATE_METHOD_MATCH = YES;
				COPY_PHASE_STRIP = NO;
				DEBUG_INFORMATION_FORMAT = "dwarf-with-dsym";
				ENABLE_NS_ASSERTIONS = NO;
				ENABLE_STRICT_OBJC_MSGSEND = YES;
				GCC_C_LANGUAGE_STANDARD = gnu11;
				GCC_NO_COMMON_BLOCKS = YES;
				GCC_WARN_64_TO_32_BIT_CONVERSION = YES;
				GCC_WARN_ABOUT_RETURN_TYPE = YES_ERROR;
				GCC_WARN_UNDECLARED_SELECTOR = YES;
				GCC_WARN_UNINITIALIZED_AUTOS = YES_AGGRESSIVE;
				GCC_WARN_UNUSED_FUNCTION = YES;
				GCC_WARN_UNUSED_VARIABLE = YES;
				IPHONEOS_DEPLOYMENT_TARGET = 13.0;
				MTL_ENABLE_DEBUG_INFO = NO;
				MTL_FAST_MATH = YES;
				SDKROOT = iphoneos;
				SWIFT_COMPILATION_MODE = wholemodule;
				SWIFT_OPTIMIZATION_LEVEL = "-O";
				VALIDATE_PRODUCT = YES;
			};
			name = Release;
		};
		956BD35E2B42852600E6F6B4 /* Debug */ = {
			isa = XCBuildConfiguration;
			buildSettings = {
				ASSETCATALOG_COMPILER_APPICON_NAME = AppIcon;
				ASSETCATALOG_COMPILER_GLOBAL_ACCENT_COLOR_NAME = AccentColor;
				CODE_SIGN_STYLE = Automatic;
				CURRENT_PROJECT_VERSION = 1;
				DEVELOPMENT_TEAM = CVFSZXK7VF;
				GENERATE_INFOPLIST_FILE = YES;
				INFOPLIST_FILE = ToastMasterExample/Info.plist;
				INFOPLIST_KEY_UIApplicationSupportsIndirectInputEvents = YES;
				INFOPLIST_KEY_UILaunchStoryboardName = LaunchScreen;
				INFOPLIST_KEY_UIMainStoryboardFile = Main;
				INFOPLIST_KEY_UISupportedInterfaceOrientations_iPad = "UIInterfaceOrientationPortrait UIInterfaceOrientationPortraitUpsideDown UIInterfaceOrientationLandscapeLeft UIInterfaceOrientationLandscapeRight";
				INFOPLIST_KEY_UISupportedInterfaceOrientations_iPhone = "UIInterfaceOrientationPortrait UIInterfaceOrientationLandscapeLeft UIInterfaceOrientationLandscapeRight";
				IPHONEOS_DEPLOYMENT_TARGET = 13.0;
				LD_RUNPATH_SEARCH_PATHS = (
					"$(inherited)",
					"@executable_path/Frameworks",
				);
				MARKETING_VERSION = 1.0;
				PRODUCT_BUNDLE_IDENTIFIER = com.moslienko.ToastMasterExample;
				PRODUCT_NAME = "$(TARGET_NAME)";
				SWIFT_EMIT_LOC_STRINGS = YES;
				SWIFT_VERSION = 5.0;
				TARGETED_DEVICE_FAMILY = "1,2";
			};
			name = Debug;
		};
		956BD35F2B42852600E6F6B4 /* Release */ = {
			isa = XCBuildConfiguration;
			buildSettings = {
				ASSETCATALOG_COMPILER_APPICON_NAME = AppIcon;
				ASSETCATALOG_COMPILER_GLOBAL_ACCENT_COLOR_NAME = AccentColor;
				CODE_SIGN_STYLE = Automatic;
				CURRENT_PROJECT_VERSION = 1;
				DEVELOPMENT_TEAM = CVFSZXK7VF;
				GENERATE_INFOPLIST_FILE = YES;
				INFOPLIST_FILE = ToastMasterExample/Info.plist;
				INFOPLIST_KEY_UIApplicationSupportsIndirectInputEvents = YES;
				INFOPLIST_KEY_UILaunchStoryboardName = LaunchScreen;
				INFOPLIST_KEY_UIMainStoryboardFile = Main;
				INFOPLIST_KEY_UISupportedInterfaceOrientations_iPad = "UIInterfaceOrientationPortrait UIInterfaceOrientationPortraitUpsideDown UIInterfaceOrientationLandscapeLeft UIInterfaceOrientationLandscapeRight";
				INFOPLIST_KEY_UISupportedInterfaceOrientations_iPhone = "UIInterfaceOrientationPortrait UIInterfaceOrientationLandscapeLeft UIInterfaceOrientationLandscapeRight";
				IPHONEOS_DEPLOYMENT_TARGET = 13.0;
				LD_RUNPATH_SEARCH_PATHS = (
					"$(inherited)",
					"@executable_path/Frameworks",
				);
				MARKETING_VERSION = 1.0;
				PRODUCT_BUNDLE_IDENTIFIER = com.moslienko.ToastMasterExample;
				PRODUCT_NAME = "$(TARGET_NAME)";
				SWIFT_EMIT_LOC_STRINGS = YES;
				SWIFT_VERSION = 5.0;
				TARGETED_DEVICE_FAMILY = "1,2";
			};
			name = Release;
		};
/* End XCBuildConfiguration section */

/* Begin XCConfigurationList section */
		956BD3442B42852400E6F6B4 /* Build configuration list for PBXProject "ToastMasterExample" */ = {
			isa = XCConfigurationList;
			buildConfigurations = (
				956BD35B2B42852600E6F6B4 /* Debug */,
				956BD35C2B42852600E6F6B4 /* Release */,
			);
			defaultConfigurationIsVisible = 0;
			defaultConfigurationName = Release;
		};
		956BD35D2B42852600E6F6B4 /* Build configuration list for PBXNativeTarget "ToastMasterExample" */ = {
			isa = XCConfigurationList;
			buildConfigurations = (
				956BD35E2B42852600E6F6B4 /* Debug */,
				956BD35F2B42852600E6F6B4 /* Release */,
			);
			defaultConfigurationIsVisible = 0;
			defaultConfigurationName = Release;
		};
/* End XCConfigurationList section */

/* Begin XCSwiftPackageProductDependency section */
		956BD3632B42868500E6F6B4 /* ToastMaster */ = {
			isa = XCSwiftPackageProductDependency;
			productName = ToastMaster;
		};
/* End XCSwiftPackageProductDependency section */
	};
	rootObject = 956BD3412B42852400E6F6B4 /* Project object */;
}
